
Microsoft Visual Studio Solution File, Format Version 12.00
# Visual Studio 15
VisualStudioVersion = 15.0.28307.489
MinimumVisualStudioVersion = 10.0.40219.1
Project("{FAE04EC0-301F-11D3-BF4B-00C04F79EFBC}") = "Producer", "Producer\Producer.csproj", "{3AA4873D-08D6-4ABB-BDDA-62CC210A5C74}"
EndProject
Project("{FAE04EC0-301F-11D3-BF4B-00C04F79EFBC}") = "Consumer", "Consumer\Consumer.csproj", "{FFD70458-A87A-4D7F-9FBE-7715B68482D4}"
EndProject
Global
	GlobalSection(SolutionConfigurationPlatforms) = preSolution
		Debug|Any CPU = Debug|Any CPU
		Release|Any CPU = Release|Any CPU
	EndGlobalSection
	GlobalSection(ProjectConfigurationPlatforms) = postSolution
		{3AA4873D-08D6-4ABB-BDDA-62CC210A5C74}.Debug|Any CPU.ActiveCfg = Debug|Any CPU
		{3AA4873D-08D6-4ABB-BDDA-62CC210A5C74}.Debug|Any CPU.Build.0 = Debug|Any CPU
		{3AA4873D-08D6-4ABB-BDDA-62CC210A5C74}.Release|Any CPU.ActiveCfg = Release|Any CPU
		{3AA4873D-08D6-4ABB-BDDA-62CC210A5C74}.Release|Any CPU.Build.0 = Release|Any CPU
		{FFD70458-A87A-4D7F-9FBE-7715B68482D4}.Debug|Any CPU.ActiveCfg = Debug|Any CPU
		{FFD70458-A87A-4D7F-9FBE-7715B68482D4}.Debug|Any CPU.Build.0 = Debug|Any CPU
		{FFD70458-A87A-4D7F-9FBE-7715B68482D4}.Release|Any CPU.ActiveCfg = Release|Any CPU
		{FFD70458-A87A-4D7F-9FBE-7715B68482D4}.Release|Any CPU.Build.0 = Release|Any CPU
	EndGlobalSection
	GlobalSection(SolutionProperties) = preSolution
		HideSolutionNode = FALSE
	EndGlobalSection
	GlobalSection(ExtensibilityGlobals) = postSolution
		SolutionGuid = {7ED48789-2C23-42C7-8182-A04887EE422B}
	EndGlobalSection
EndGlobal
